<?xml version="1.0" encoding="utf-8"?>
<Project ToolsVersion="4.0" xmlns:atg="http://atg.xbox.com" xmlns="http://schemas.microsoft.com/developer/msbuild/2003">
  <ItemGroup>
    <Filter Include="Resource Files">
      <UniqueIdentifier>{8e114980-c1a3-4ada-ad7c-83caadf5daeb}</UniqueIdentifier>
      <Extensions>rc;ico;cur;bmp;dlg;rc2;rct;bin;rgs;gif;jpg;jpeg;jpe</Extensions>
    </Filter>
    <Filter Include="Shaders">
      <UniqueIdentifier>{2c3d4c8c-5d1a-459a-a05a-a4e4b608a44e}</UniqueIdentifier>
      <Extensions>fx;fxh;hlsl</Extensions>
    </Filter>
    <Filter Include="Header Files">
      <UniqueIdentifier>{b80b5907-fdef-47e7-b168-9fcec1197e20}</UniqueIdentifier>
    </Filter>
  </ItemGroup>
  <ItemGroup>
    <ClInclude Include="cameraclass.h">
      <Filter>Header Files</Filter>
    </ClInclude>
    <ClInclude Include="graphics.h">
      <Filter>Header Files</Filter>
    </ClInclude>
    <ClInclude Include="modelLoader.h">
      <Filter>Header Files</Filter>
    </ClInclude>
    <ClInclude Include="Resource.h">
      <Filter>Header Files</Filter>
    </ClInclude>
    <ClInclude Include="GameObject.h">
      <Filter>Header Files</Filter>
    </ClInclude>
    <ClInclude Include="scruts.h">
      <Filter>Header Files</Filter>
    </ClInclude>
    <ClInclude Include="Node.h">
      <Filter>Header Files</Filter>
    </ClInclude>
    <ClInclude Include="rainDrop.h">
      <Filter>Header Files</Filter>
    </ClInclude>
    <ClInclude Include="rainSpawner.h">
      <Filter>Header Files</Filter>
    </ClInclude>
    <ClInclude Include="SoundEngine.h">
      <Filter>Header Files</Filter>
    </ClInclude>
  </ItemGroup>
  <ItemGroup>
    <ClCompile Include="modelLoader.cpp" />
    <ClCompile Include="main.cpp" />
    <ClCompile Include="cameraclass.cpp" />
    <ClCompile Include="graphics.cpp" />
    <ClCompile Include="GameObject.cpp" />
    <ClCompile Include="Node.cpp" />
    <ClCompile Include="rainSpawner.cpp" />
    <ClCompile Include="rainDrop.cpp" />
    <ClCompile Include="SoundEngine.cpp" />
  </ItemGroup>
  <ItemGroup>
    <ResourceCompile Include="Tutorial02.rc">
      <Filter>Resource Files</Filter>
    </ResourceCompile>
  </ItemGroup>
  <ItemGroup>
    <None Include="Tutorial02.fx">
      <Filter>Shaders</Filter>
    </None>
    <None Include="ChangeLog.txt">
      <Filter>Resource Files</Filter>
    </None>
  </ItemGroup>
</Project>